PODS:
  - Alamofire (4.7.0)
  - ObjectMapper (3.1.0)
  - SnapKit (4.0.0)
  - SVProgressHUD (2.2.5)

DEPENDENCIES:
  - Alamofire
  - ObjectMapper
  - SnapKit
  - SVProgressHUD

SPEC CHECKSUMS:
  Alamofire: 907e0a98eb68cdb7f9d1f541a563d6ac5dc77b25
  ObjectMapper: 20505058f54e5c3ca69e1d6de9897d152a5369a6
  SnapKit: a42d492c16e80209130a3379f73596c3454b7694
  SVProgressHUD: 1428aafac632c1f86f62aa4243ec12008d7a51d6

PODFILE CHECKSUM: f68da9bbd1fac9158479a7cc9fe8345097bbde41

COCOAPODS: 1.3.1
